
Microsoft Visual Studio Solution File, Format Version 12.00
# Visual Studio Version 17
VisualStudioVersion = 17.3.32901.215
MinimumVisualStudioVersion = 10.0.40219.1
Project("{FAE04EC0-301F-11D3-BF4B-00C04F79EFBC}") = "assignment2_yevhenii", "assignment2_yevhenii\assignment2_yevhenii.csproj", "{01C6643E-D524-4C41-8C78-F7D36C930B5C}"
EndProject
Global
	GlobalSection(SolutionConfigurationPlatforms) = preSolution
		Debug|Any CPU = Debug|Any CPU
		Release|Any CPU = Release|Any CPU
	EndGlobalSection
	GlobalSection(ProjectConfigurationPlatforms) = postSolution
		{01C6643E-D524-4C41-8C78-F7D36C930B5C}.Debug|Any CPU.ActiveCfg = Debug|Any CPU
		{01C6643E-D524-4C41-8C78-F7D36C930B5C}.Debug|Any CPU.Build.0 = Debug|Any CPU
		{01C6643E-D524-4C41-8C78-F7D36C930B5C}.Release|Any CPU.ActiveCfg = Release|Any CPU
		{01C6643E-D524-4C41-8C78-F7D36C930B5C}.Release|Any CPU.Build.0 = Release|Any CPU
	EndGlobalSection
	GlobalSection(SolutionProperties) = preSolution
		HideSolutionNode = FALSE
	EndGlobalSection
	GlobalSection(ExtensibilityGlobals) = postSolution
		SolutionGuid = {46CA75AF-9881-4306-97A1-1231B10CFD22}
	EndGlobalSection
EndGlobal
